
Microsoft Visual Studio Solution File, Format Version 11.00
# Visual Studio 2010
Project("{FAE04EC0-301F-11D3-BF4B-00C04F79EFBC}") = "Assembly-CSharp", "Assembly-CSharp.csproj", "{10AE2710-66FF-55F5-87C8-6A82947B2669}"
EndProject
Project("{FAE04EC0-301F-11D3-BF4B-00C04F79EFBC}") = "Assembly-CSharp-Editor", "Assembly-CSharp-Editor.csproj", "{F38675CC-28B2-0221-B4F7-BAE4E2EC5BF3}"
EndProject
Global
	GlobalSection(SolutionConfigurationPlatforms) = preSolution
		Debug|Any CPU = Debug|Any CPU
		Release|Any CPU = Release|Any CPU
	EndGlobalSection
	GlobalSection(ProjectConfigurationPlatforms) = postSolution
		{10AE2710-66FF-55F5-87C8-6A82947B2669}.Debug|Any CPU.ActiveCfg = Debug|Any CPU
		{10AE2710-66FF-55F5-87C8-6A82947B2669}.Debug|Any CPU.Build.0 = Debug|Any CPU
		{10AE2710-66FF-55F5-87C8-6A82947B2669}.Release|Any CPU.ActiveCfg = Release|Any CPU
		{10AE2710-66FF-55F5-87C8-6A82947B2669}.Release|Any CPU.Build.0 = Release|Any CPU
		{F38675CC-28B2-0221-B4F7-BAE4E2EC5BF3}.Debug|Any CPU.ActiveCfg = Debug|Any CPU
		{F38675CC-28B2-0221-B4F7-BAE4E2EC5BF3}.Debug|Any CPU.Build.0 = Debug|Any CPU
		{F38675CC-28B2-0221-B4F7-BAE4E2EC5BF3}.Release|Any CPU.ActiveCfg = Release|Any CPU
		{F38675CC-28B2-0221-B4F7-BAE4E2EC5BF3}.Release|Any CPU.Build.0 = Release|Any CPU
	EndGlobalSection
	GlobalSection(SolutionProperties) = preSolution
		HideSolutionNode = FALSE
	EndGlobalSection
EndGlobal
